{
    "_meta": {
        "hash": {
            "sha256": "f01ff97cc444485b2e96110f3fc716f401c5bd8274ba80aa2e280f6848174979"
        },
        "pipfile-spec": 6,
        "requires": {},
        "sources": [
            {
                "name": "pypi",
                "url": "https://pypi.org/simple",
                "verify_ssl": true
            }
        ]
    },
    "default": {
        "dill": {
            "hashes": [
                "sha256:6e12da0d8e49c220e8d6e97ee8882002e624f1160289ce85ec2cc0a5246b3a2e"
            ],
            "markers": "python_version >= '2.6' and python_version != '3.0'",
            "version": "==0.3.2"
        },
        "future": {
            "hashes": [
                "sha256:b1bead90b70cf6ec3f0710ae53a525360fa360d306a86583adc6bf83a4db537d"
            ],
            "markers": "python_version >= '2.6' and python_version not in '3.0, 3.1, 3.2, 3.3'",
            "version": "==0.18.2"
        },
        "multiprocess": {
            "hashes": [
                "sha256:81f388527a0c8766e94fe084fd8a408da5045a9fe7b28e199f684a796f3c6bf8",
                "sha256:879ee48882bf7959102010058f30419d72abc90035de70b7259a386dc8b1946a",
                "sha256:9e604ac3ff7d6aa7da8306e7dd3a76a8b6ba83f5a8a2d8590b2edd1468df6479"
            ],
            "version": "==0.70.10"
        },
        "p-tqdm": {
            "hashes": [
                "sha256:8b9316d8bae43279e03ea01c8849422e5072a931f1b94b79890b0da426802c6e"
            ],
            "index": "pypi",
            "version": "==1.3.3"
        },
        "pathos": {
            "hashes": [
                "sha256:51b48e54870e4f83a262e49b6369116ab2ecc5a217569a84c7ab726e27b1bc10"
            ],
            "version": "==0.2.6"
        },
        "pox": {
            "hashes": [
                "sha256:621f3a912531d0c5c71f7d5fd4815b15bf5d0db5b4cea352df14f2ff6bc7c615"
            ],
            "version": "==0.2.8"
        },
        "ppft": {
            "hashes": [
                "sha256:cd1e39129fc9cbd4a877b1ff4fc5018051183c11bc9c9c0922efad80c57174f6"
            ],
            "version": "==1.6.6.2"
        },
        "python-whois": {
            "hashes": [
                "sha256:656a1100b8757f29daf010ec5a893a3d6349ccf097884021988c174eedea4a16"
            ],
            "index": "pypi",
            "version": "==0.7.3"
        },
        "six": {
            "hashes": [
                "sha256:30639c035cdb23534cd4aa2dd52c3bf48f06e5f4a941509c8bafd8ce11080259",
                "sha256:8b74bedcbbbaca38ff6d7491d76f2b06b3592611af620f8426e82dddb04a5ced"
            ],
            "markers": "python_version >= '2.7' and python_version not in '3.0, 3.1, 3.2, 3.3'",
            "version": "==1.15.0"
        },
        "tqdm": {
            "hashes": [
                "sha256:9ad44aaf0fc3697c06f6e05c7cf025dd66bc7bcb7613c66d85f4464c47ac8fad",
                "sha256:ef54779f1c09f346b2b5a8e5c61f96fbcb639929e640e59f8cf810794f406432"
            ],
            "markers": "python_version >= '2.6' and python_version not in '3.0, 3.1, 3.2, 3.3'",
            "version": "==4.51.0"
        }
    },
    "develop": {}
}
